Microsoft Visual Studio Solution File, Format Version 12.00
# Visual Studio Version 17
VisualStudioVersion = 17.5.2.0
MinimumVisualStudioVersion = 10.0.40219.1
Project("{FAE04EC0-301F-11D3-BF4B-00C04F79EFBC}") = "CalculadoraUnip", "CalculadoraUnip.csproj", "{A907F7CF-77BC-54D1-6E37-A980BD35CA36}"
EndProject
Global
	GlobalSection(SolutionConfigurationPlatforms) = preSolution
		Debug|Any CPU = Debug|Any CPU
		Release|Any CPU = Release|Any CPU
	EndGlobalSection
	GlobalSection(ProjectConfigurationPlatforms) = postSolution
		{A907F7CF-77BC-54D1-6E37-A980BD35CA36}.Debug|Any CPU.ActiveCfg = Debug|Any CPU
		{A907F7CF-77BC-54D1-6E37-A980BD35CA36}.Debug|Any CPU.Build.0 = Debug|Any CPU
		{A907F7CF-77BC-54D1-6E37-A980BD35CA36}.Release|Any CPU.ActiveCfg = Release|Any CPU
		{A907F7CF-77BC-54D1-6E37-A980BD35CA36}.Release|Any CPU.Build.0 = Release|Any CPU
	EndGlobalSection
	GlobalSection(SolutionProperties) = preSolution
		HideSolutionNode = FALSE
	EndGlobalSection
	GlobalSection(ExtensibilityGlobals) = postSolution
		SolutionGuid = {68F40ABE-86C1-471A-8448-6C471FA964FB}
	EndGlobalSection
EndGlobal
